// !$*UTF8*$!
{
	archiveVersion = 1;
	classes = {
	};
	objectVersion = 46;
	objects = {

/* Begin PBXBuildFile section */
		4F4625181DFEFA3F00C7A822 /* AppDelegate.swift in Sources */ = {isa = PBXBuildFile; fileRef = 4F4625171DFEFA3F00C7A822 /* AppDelegate.swift */; };
		4F46251A1DFEFA3F00C7A822 /* ViewController.swift in Sources */ = {isa = PBXBuildFile; fileRef = 4F4625191DFEFA3F00C7A822 /* ViewController.swift */; };
		4F46251D1DFEFA3F00C7A822 /* Main.storyboard in Resources */ = {isa = PBXBuildFile; fileRef = 4F46251B1DFEFA3F00C7A822 /* Main.storyboard */; };
		4F4625221DFEFA3F00C7A822 /* LaunchScreen.storyboard in Resources */ = {isa = PBXBuildFile; fileRef = 4F4625201DFEFA3F00C7A822 /* LaunchScreen.storyboard */; };
		4FBD54131DFFFB0600D62BE2 /* SignUpViewController.swift in Sources */ = {isa = PBXBuildFile; fileRef = 4FBD54121DFFFB0600D62BE2 /* SignUpViewController.swift */; };
		4FBD54151E0000EF00D62BE2 /* Assetes.xcassets in Resources */ = {isa = PBXBuildFile; fileRef = 4FBD54141E0000EF00D62BE2 /* Assetes.xcassets */; };
		4FE0F3011DFF521D00A66452 /* User.swift in Sources */ = {isa = PBXBuildFile; fileRef = 4FE0F3001DFF521D00A66452 /* User.swift */; };
		4FE0F3031DFF5CEF00A66452 /* Game.swift in Sources */ = {isa = PBXBuildFile; fileRef = 4FE0F3021DFF5CEF00A66452 /* Game.swift */; };
		4FE0F30B1DFF5F1000A66452 /* APIHandler.swift in Sources */ = {isa = PBXBuildFile; fileRef = 4FE0F30A1DFF5F1000A66452 /* APIHandler.swift */; };
		4FE0F3131DFF6C6C00A66452 /* UIColorFromRGBA.swift in Sources */ = {isa = PBXBuildFile; fileRef = 4FE0F3121DFF6C6C00A66452 /* UIColorFromRGBA.swift */; };
/* End PBXBuildFile section */

/* Begin PBXFileReference section */
		4F4625141DFEFA3E00C7A822 /* spawned.app */ = {isa = PBXFileReference; explicitFileType = wrapper.application; includeInIndex = 0; path = spawned.app; sourceTree = BUILT_PRODUCTS_DIR; };
		4F4625171DFEFA3F00C7A822 /* AppDelegate.swift */ = {isa = PBXFileReference; lastKnownFileType = sourcecode.swift; path = AppDelegate.swift; sourceTree = "<group>"; };
		4F4625191DFEFA3F00C7A822 /* ViewController.swift */ = {isa = PBXFileReference; lastKnownFileType = sourcecode.swift; path = ViewController.swift; sourceTree = "<group>"; };
		4F46251C1DFEFA3F00C7A822 /* Base */ = {isa = PBXFileReference; lastKnownFileType = file.storyboard; name = Base; path = Base.lproj/Main.storyboard; sourceTree = "<group>"; };
		4F4625211DFEFA3F00C7A822 /* Base */ = {isa = PBXFileReference; lastKnownFileType = file.storyboard; name = Base; path = Base.lproj/LaunchScreen.storyboard; sourceTree = "<group>"; };
		4F4625231DFEFA3F00C7A822 /* Info.plist */ = {isa = PBXFileReference; lastKnownFileType = text.plist.xml; path = Info.plist; sourceTree = "<group>"; };
		4FBD54121DFFFB0600D62BE2 /* SignUpViewController.swift */ = {isa = PBXFileReference; fileEncoding = 4; lastKnownFileType = sourcecode.swift; path = SignUpViewController.swift; sourceTree = "<group>"; };
		4FBD54141E0000EF00D62BE2 /* Assetes.xcassets */ = {isa = PBXFileReference; lastKnownFileType = folder.assetcatalog; path = Assetes.xcassets; sourceTree = "<group>"; };
		4FE0F3001DFF521D00A66452 /* User.swift */ = {isa = PBXFileReference; fileEncoding = 4; lastKnownFileType = sourcecode.swift; name = User.swift; path = classes/Model/User.swift; sourceTree = "<group>"; };
		4FE0F3021DFF5CEF00A66452 /* Game.swift */ = {isa = PBXFileReference; fileEncoding = 4; lastKnownFileType = sourcecode.swift; name = Game.swift; path = classes/Model/Game.swift; sourceTree = "<group>"; };
		4FE0F30A1DFF5F1000A66452 /* APIHandler.swift */ = {isa = PBXFileReference; fileEncoding = 4; lastKnownFileType = sourcecode.swift; path = APIHandler.swift; sourceTree = "<group>"; };
		4FE0F3121DFF6C6C00A66452 /* UIColorFromRGBA.swift */ = {isa = PBXFileReference; fileEncoding = 4; lastKnownFileType = sourcecode.swift; name = UIColorFromRGBA.swift; path = ../../ParisLuteceIOS/ParisLutece/classes/Helpers/UIColorFromRGBA.swift; sourceTree = "<group>"; };
/* End PBXFileReference section */

/* Begin PBXFrameworksBuildPhase section */
		4F4625111DFEFA3E00C7A822 /* Frameworks */ = {
			isa = PBXFrameworksBuildPhase;
			buildActionMask = 2147483647;
			files = (
			);
			runOnlyForDeploymentPostprocessing = 0;
		};
/* End PBXFrameworksBuildPhase section */

/* Begin PBXGroup section */
		4F46250B1DFEFA3E00C7A822 = {
			isa = PBXGroup;
			children = (
				4F4625161DFEFA3E00C7A822 /* spawned */,
				4F4625151DFEFA3E00C7A822 /* Products */,
			);
			sourceTree = "<group>";
		};
		4F4625151DFEFA3E00C7A822 /* Products */ = {
			isa = PBXGroup;
			children = (
				4F4625141DFEFA3E00C7A822 /* spawned.app */,
			);
			name = Products;
			sourceTree = "<group>";
		};
		4F4625161DFEFA3E00C7A822 /* spawned */ = {
			isa = PBXGroup;
			children = (
				4FE0F3041DFF5E2900A66452 /* classes */,
				4F46251B1DFEFA3F00C7A822 /* Main.storyboard */,
				4F4625201DFEFA3F00C7A822 /* LaunchScreen.storyboard */,
				4F4625231DFEFA3F00C7A822 /* Info.plist */,
				4FBD54141E0000EF00D62BE2 /* Assetes.xcassets */,
			);
			path = spawned;
			sourceTree = "<group>";
		};
		4FE0F3041DFF5E2900A66452 /* classes */ = {
			isa = PBXGroup;
			children = (
				4F4625171DFEFA3F00C7A822 /* AppDelegate.swift */,
				4FE0F3091DFF5EDF00A66452 /* Cells */,
				4FE0F3051DFF5E3500A66452 /* Model */,
				4FE0F3061DFF5E4600A66452 /* NetWork */,
				4FE0F3081DFF5E9700A66452 /* ViewControllers */,
				4FE0F3071DFF5E5800A66452 /* Helpers */,
			);
			name = classes;
			sourceTree = "<group>";
		};
		4FE0F3051DFF5E3500A66452 /* Model */ = {
			isa = PBXGroup;
			children = (
				4FE0F3001DFF521D00A66452 /* User.swift */,
				4FE0F3021DFF5CEF00A66452 /* Game.swift */,
			);
			name = Model;
			sourceTree = "<group>";
		};
		4FE0F3061DFF5E4600A66452 /* NetWork */ = {
			isa = PBXGroup;
			children = (
				4FE0F30A1DFF5F1000A66452 /* APIHandler.swift */,
			);
			name = NetWork;
			sourceTree = "<group>";
		};
		4FE0F3071DFF5E5800A66452 /* Helpers */ = {
			isa = PBXGroup;
			children = (
				4FE0F3121DFF6C6C00A66452 /* UIColorFromRGBA.swift */,
			);
			name = Helpers;
			sourceTree = "<group>";
		};
		4FE0F3081DFF5E9700A66452 /* ViewControllers */ = {
			isa = PBXGroup;
			children = (
				4F4625191DFEFA3F00C7A822 /* ViewController.swift */,
				4FBD54121DFFFB0600D62BE2 /* SignUpViewController.swift */,
			);
			name = ViewControllers;
			sourceTree = "<group>";
		};
		4FE0F3091DFF5EDF00A66452 /* Cells */ = {
			isa = PBXGroup;
			children = (
			);
			name = Cells;
			sourceTree = "<group>";
		};
/* End PBXGroup section */

/* Begin PBXNativeTarget section */
		4F4625131DFEFA3E00C7A822 /* spawned */ = {
			isa = PBXNativeTarget;
			buildConfigurationList = 4F4625261DFEFA3F00C7A822 /* Build configuration list for PBXNativeTarget "spawned" */;
			buildPhases = (
				4F4625101DFEFA3E00C7A822 /* Sources */,
				4F4625111DFEFA3E00C7A822 /* Frameworks */,
				4F4625121DFEFA3E00C7A822 /* Resources */,
			);
			buildRules = (
			);
			dependencies = (
			);
			name = spawned;
			productName = spawned;
			productReference = 4F4625141DFEFA3E00C7A822 /* spawned.app */;
			productType = "com.apple.product-type.application";
		};
/* End PBXNativeTarget section */

/* Begin PBXProject section */
		4F46250C1DFEFA3E00C7A822 /* Project object */ = {
			isa = PBXProject;
			attributes = {
				LastSwiftUpdateCheck = 0810;
				LastUpgradeCheck = 0810;
				ORGANIZATIONNAME = untstudio;
				TargetAttributes = {
					4F4625131DFEFA3E00C7A822 = {
						CreatedOnToolsVersion = 8.1;
						DevelopmentTeam = 3ST2DV4994;
						ProvisioningStyle = Automatic;
					};
				};
			};
			buildConfigurationList = 4F46250F1DFEFA3E00C7A822 /* Build configuration list for PBXProject "spawned" */;
			compatibilityVersion = "Xcode 3.2";
			developmentRegion = English;
			hasScannedForEncodings = 0;
			knownRegions = (
				en,
				Base,
			);
			mainGroup = 4F46250B1DFEFA3E00C7A822;
			productRefGroup = 4F4625151DFEFA3E00C7A822 /* Products */;
			projectDirPath = "";
			projectRoot = "";
			targets = (
				4F4625131DFEFA3E00C7A822 /* spawned */,
			);
		};
/* End PBXProject section */

/* Begin PBXResourcesBuildPhase section */
		4F4625121DFEFA3E00C7A822 /* Resources */ = {
			isa = PBXResourcesBuildPhase;
			buildActionMask = 2147483647;
			files = (
				4FBD54151E0000EF00D62BE2 /* Assetes.xcassets in Resources */,
				4F4625221DFEFA3F00C7A822 /* LaunchScreen.storyboard in Resources */,
				4F46251D1DFEFA3F00C7A822 /* Main.storyboard in Resources */,
			);
			runOnlyForDeploymentPostprocessing = 0;
		};
/* End PBXResourcesBuildPhase section */

/* Begin PBXSourcesBuildPhase section */
		4F4625101DFEFA3E00C7A822 /* Sources */ = {
			isa = PBXSourcesBuildPhase;
			buildActionMask = 2147483647;
			files = (
				4F46251A1DFEFA3F00C7A822 /* ViewController.swift in Sources */,
				4FBD54131DFFFB0600D62BE2 /* SignUpViewController.swift in Sources */,
				4FE0F3131DFF6C6C00A66452 /* UIColorFromRGBA.swift in Sources */,
				4F4625181DFEFA3F00C7A822 /* AppDelegate.swift in Sources */,
				4FE0F30B1DFF5F1000A66452 /* APIHandler.swift in Sources */,
				4FE0F3011DFF521D00A66452 /* User.swift in Sources */,
				4FE0F3031DFF5CEF00A66452 /* Game.swift in Sources */,
			);
			runOnlyForDeploymentPostprocessing = 0;
		};
/* End PBXSourcesBuildPhase section */

/* Begin PBXVariantGroup section */
		4F46251B1DFEFA3F00C7A822 /* Main.storyboard */ = {
			isa = PBXVariantGroup;
			children = (
				4F46251C1DFEFA3F00C7A822 /* Base */,
			);
			name = Main.storyboard;
			sourceTree = "<group>";
		};
		4F4625201DFEFA3F00C7A822 /* LaunchScreen.storyboard */ = {
			isa = PBXVariantGroup;
			children = (
				4F4625211DFEFA3F00C7A822 /* Base */,
			);
			name = LaunchScreen.storyboard;
			sourceTree = "<group>";
		};
/* End PBXVariantGroup section */

/* Begin XCBuildConfiguration section */
		4F4625241DFEFA3F00C7A822 /* Debug */ = {
			isa = XCBuildConfiguration;
			buildSettings = {
				ALWAYS_SEARCH_USER_PATHS = NO;
				CLANG_ANALYZER_NONNULL = YES;
				CLANG_CXX_LANGUAGE_STANDARD = "gnu++0x";
				CLANG_CXX_LIBRARY = "libc++";
				CLANG_ENABLE_MODULES = YES;
				CLANG_ENABLE_OBJC_ARC = YES;
				CLANG_WARN_BOOL_CONVERSION = YES;
				CLANG_WARN_CONSTANT_CONVERSION = YES;
				CLANG_WARN_DIRECT_OBJC_ISA_USAGE = YES_ERROR;
				CLANG_WARN_DOCUMENTATION_COMMENTS = YES;
				CLANG_WARN_EMPTY_BODY = YES;
				CLANG_WARN_ENUM_CONVERSION = YES;
				CLANG_WARN_INFINITE_RECURSION = YES;
				CLANG_WARN_INT_CONVERSION = YES;
				CLANG_WARN_OBJC_ROOT_CLASS = YES_ERROR;
				CLANG_WARN_SUSPICIOUS_MOVES = YES;
				CLANG_WARN_UNREACHABLE_CODE = YES;
				CLANG_WARN__DUPLICATE_METHOD_MATCH = YES;
				"CODE_SIGN_IDENTITY[sdk=iphoneos*]" = "iPhone Developer";
				COPY_PHASE_STRIP = NO;
				DEBUG_INFORMATION_FORMAT = dwarf;
				ENABLE_STRICT_OBJC_MSGSEND = YES;
				ENABLE_TESTABILITY = YES;
				GCC_C_LANGUAGE_STANDARD = gnu99;
				GCC_DYNAMIC_NO_PIC = NO;
				GCC_NO_COMMON_BLOCKS = YES;
				GCC_OPTIMIZATION_LEVEL = 0;
				GCC_PREPROCESSOR_DEFINITIONS = (
					"DEBUG=1",
					"$(inherited)",
				);
				GCC_WARN_64_TO_32_BIT_CONVERSION = YES;
				GCC_WARN_ABOUT_RETURN_TYPE = YES_ERROR;
				GCC_WARN_UNDECLARED_SELECTOR = YES;
				GCC_WARN_UNINITIALIZED_AUTOS = YES_AGGRESSIVE;
				GCC_WARN_UNUSED_FUNCTION = YES;
				GCC_WARN_UNUSED_VARIABLE = YES;
				IPHONEOS_DEPLOYMENT_TARGET = 10.1;
				MTL_ENABLE_DEBUG_INFO = YES;
				ONLY_ACTIVE_ARCH = YES;
				SDKROOT = iphoneos;
				SWIFT_ACTIVE_COMPILATION_CONDITIONS = DEBUG;
				SWIFT_OPTIMIZATION_LEVEL = "-Onone";
			};
			name = Debug;
		};
		4F4625251DFEFA3F00C7A822 /* Release */ = {
			isa = XCBuildConfiguration;
			buildSettings = {
				ALWAYS_SEARCH_USER_PATHS = NO;
				CLANG_ANALYZER_NONNULL = YES;
				CLANG_CXX_LANGUAGE_STANDARD = "gnu++0x";
				CLANG_CXX_LIBRARY = "libc++";
				CLANG_ENABLE_MODULES = YES;
				CLANG_ENABLE_OBJC_ARC = YES;
				CLANG_WARN_BOOL_CONVERSION = YES;
				CLANG_WARN_CONSTANT_CONVERSION = YES;
				CLANG_WARN_DIRECT_OBJC_ISA_USAGE = YES_ERROR;
				CLANG_WARN_DOCUMENTATION_COMMENTS = YES;
				CLANG_WARN_EMPTY_BODY = YES;
				CLANG_WARN_ENUM_CONVERSION = YES;
				CLANG_WARN_INFINITE_RECURSION = YES;
				CLANG_WARN_INT_CONVERSION = YES;
				CLANG_WARN_OBJC_ROOT_CLASS = YES_ERROR;
				CLANG_WARN_SUSPICIOUS_MOVES = YES;
				CLANG_WARN_UNREACHABLE_CODE = YES;
				CLANG_WARN__DUPLICATE_METHOD_MATCH = YES;
				"CODE_SIGN_IDENTITY[sdk=iphoneos*]" = "iPhone Developer";
				COPY_PHASE_STRIP = NO;
				DEBUG_INFORMATION_FORMAT = "dwarf-with-dsym";
				ENABLE_NS_ASSERTIONS = NO;
				ENABLE_STRICT_OBJC_MSGSEND = YES;
				GCC_C_LANGUAGE_STANDARD = gnu99;
				GCC_NO_COMMON_BLOCKS = YES;
				GCC_WARN_64_TO_32_BIT_CONVERSION = YES;
				GCC_WARN_ABOUT_RETURN_TYPE = YES_ERROR;
				GCC_WARN_UNDECLARED_SELECTOR = YES;
				GCC_WARN_UNINITIALIZED_AUTOS = YES_AGGRESSIVE;
				GCC_WARN_UNUSED_FUNCTION = YES;
				GCC_WARN_UNUSED_VARIABLE = YES;
				IPHONEOS_DEPLOYMENT_TARGET = 10.1;
				MTL_ENABLE_DEBUG_INFO = NO;
				SDKROOT = iphoneos;
				SWIFT_OPTIMIZATION_LEVEL = "-Owholemodule";
				VALIDATE_PRODUCT = YES;
			};
			name = Release;
		};
		4F4625271DFEFA3F00C7A822 /* Debug */ = {
			isa = XCBuildConfiguration;
			buildSettings = {
				ASSETCATALOG_COMPILER_APPICON_NAME = AppIcon;
				DEVELOPMENT_TEAM = 3ST2DV4994;
				INFOPLIST_FILE = spawned/Info.plist;
				IPHONEOS_DEPLOYMENT_TARGET = 10.1;
				LD_RUNPATH_SEARCH_PATHS = "$(inherited) @executable_path/Frameworks";
				PRODUCT_BUNDLE_IDENTIFIER = com.untstudio.spawned;
				PRODUCT_NAME = "$(TARGET_NAME)";
				SWIFT_VERSION = 3.0;
			};
			name = Debug;
		};
		4F4625281DFEFA3F00C7A822 /* Release */ = {
			isa = XCBuildConfiguration;
			buildSettings = {
				ASSETCATALOG_COMPILER_APPICON_NAME = AppIcon;
				DEVELOPMENT_TEAM = 3ST2DV4994;
				INFOPLIST_FILE = spawned/Info.plist;
				IPHONEOS_DEPLOYMENT_TARGET = 10.1;
				LD_RUNPATH_SEARCH_PATHS = "$(inherited) @executable_path/Frameworks";
				PRODUCT_BUNDLE_IDENTIFIER = com.untstudio.spawned;
				PRODUCT_NAME = "$(TARGET_NAME)";
				SWIFT_VERSION = 3.0;
			};
			name = Release;
		};
/* End XCBuildConfiguration section */

/* Begin XCConfigurationList section */
		4F46250F1DFEFA3E00C7A822 /* Build configuration list for PBXProject "spawned" */ = {
			isa = XCConfigurationList;
			buildConfigurations = (
				4F4625241DFEFA3F00C7A822 /* Debug */,
				4F4625251DFEFA3F00C7A822 /* Release */,
			);
			defaultConfigurationIsVisible = 0;
			defaultConfigurationName = Release;
		};
		4F4625261DFEFA3F00C7A822 /* Build configuration list for PBXNativeTarget "spawned" */ = {
			isa = XCConfigurationList;
			buildConfigurations = (
				4F4625271DFEFA3F00C7A822 /* Debug */,
				4F4625281DFEFA3F00C7A822 /* Release */,
			);
			defaultConfigurationIsVisible = 0;
			defaultConfigurationName = Release;
		};
/* End XCConfigurationList section */
	};
	rootObject = 4F46250C1DFEFA3E00C7A822 /* Project object */;
}
